// !$*UTF8*$!
{
	archiveVersion = 1;
	classes = {
	};
	objectVersion = 46;
	objects = {

/* Begin PBXBuildFile section */
		4A0B75C71BBD4ABE00911157 /* main.m in Sources */ = {isa = PBXBuildFile; fileRef = 4A0B75C61BBD4ABE00911157 /* main.m */; };
		4A0B75CA1BBD4ABE00911157 /* AppDelegate.m in Sources */ = {isa = PBXBuildFile; fileRef = 4A0B75C91BBD4ABE00911157 /* AppDelegate.m */; };
		4A0B75CD1BBD4ABE00911157 /* ViewController.m in Sources */ = {isa = PBXBuildFile; fileRef = 4A0B75CC1BBD4ABE00911157 /* ViewController.m */; };
		4A0B75D01BBD4ABE00911157 /* Main.storyboard in Resources */ = {isa = PBXBuildFile; fileRef = 4A0B75CE1BBD4ABE00911157 /* Main.storyboard */; };
		4A0B75D21BBD4ABE00911157 /* Images.xcassets in Resources */ = {isa = PBXBuildFile; fileRef = 4A0B75D11BBD4ABE00911157 /* Images.xcassets */; };
		4A0B75D51BBD4ABE00911157 /* LaunchScreen.xib in Resources */ = {isa = PBXBuildFile; fileRef = 4A0B75D31BBD4ABE00911157 /* LaunchScreen.xib */; };
		4A0B75E11BBD4ABE00911157 /* assistantTests.m in Sources */ = {isa = PBXBuildFile; fileRef = 4A0B75E01BBD4ABE00911157 /* assistantTests.m */; };
		4A0B75EF1BBD5F2200911157 /* Weather.m in Sources */ = {isa = PBXBuildFile; fileRef = 4A0B75EE1BBD5F2200911157 /* Weather.m */; };
		4A0B75F21BBD661A00911157 /* Model.m in Sources */ = {isa = PBXBuildFile; fileRef = 4A0B75F11BBD661A00911157 /* Model.m */; };
		4A0B760B1BBD674100911157 /* MJDictionaryCache.m in Sources */ = {isa = PBXBuildFile; fileRef = 4A0B75F51BBD674100911157 /* MJDictionaryCache.m */; };
		4A0B760C1BBD674100911157 /* MJExtensionConst.m in Sources */ = {isa = PBXBuildFile; fileRef = 4A0B75F81BBD674100911157 /* MJExtensionConst.m */; };
		4A0B760D1BBD674100911157 /* MJFoundation.m in Sources */ = {isa = PBXBuildFile; fileRef = 4A0B75FA1BBD674100911157 /* MJFoundation.m */; };
		4A0B760E1BBD674100911157 /* MJProperty.m in Sources */ = {isa = PBXBuildFile; fileRef = 4A0B75FC1BBD674100911157 /* MJProperty.m */; };
		4A0B760F1BBD674100911157 /* MJPropertyKey.m in Sources */ = {isa = PBXBuildFile; fileRef = 4A0B75FE1BBD674100911157 /* MJPropertyKey.m */; };
		4A0B76101BBD674100911157 /* MJPropertyType.m in Sources */ = {isa = PBXBuildFile; fileRef = 4A0B76001BBD674100911157 /* MJPropertyType.m */; };
		4A0B76111BBD674100911157 /* NSObject+MJClass.m in Sources */ = {isa = PBXBuildFile; fileRef = 4A0B76021BBD674100911157 /* NSObject+MJClass.m */; };
		4A0B76121BBD674100911157 /* NSObject+MJCoding.m in Sources */ = {isa = PBXBuildFile; fileRef = 4A0B76041BBD674100911157 /* NSObject+MJCoding.m */; };
		4A0B76131BBD674100911157 /* NSObject+MJKeyValue.m in Sources */ = {isa = PBXBuildFile; fileRef = 4A0B76061BBD674100911157 /* NSObject+MJKeyValue.m */; };
		4A0B76141BBD674100911157 /* NSObject+MJProperty.m in Sources */ = {isa = PBXBuildFile; fileRef = 4A0B76081BBD674100911157 /* NSObject+MJProperty.m */; };
		4A0B76151BBD674100911157 /* NSString+MJExtension.m in Sources */ = {isa = PBXBuildFile; fileRef = 4A0B760A1BBD674100911157 /* NSString+MJExtension.m */; };
		4A0B76191BBD6FA500911157 /* city.m in Sources */ = {isa = PBXBuildFile; fileRef = 4A0B76181BBD6FA500911157 /* city.m */; };
/* End PBXBuildFile section */

/* Begin PBXContainerItemProxy section */
		4A0B75DB1BBD4ABE00911157 /* PBXContainerItemProxy */ = {
			isa = PBXContainerItemProxy;
			containerPortal = 4A0B75B91BBD4ABE00911157 /* Project object */;
			proxyType = 1;
			remoteGlobalIDString = 4A0B75C01BBD4ABE00911157;
			remoteInfo = assistant;
		};
/* End PBXContainerItemProxy section */

/* Begin PBXFileReference section */
		4A0B75C11BBD4ABE00911157 /* assistant.app */ = {isa = PBXFileReference; explicitFileType = wrapper.application; includeInIndex = 0; path = assistant.app; sourceTree = BUILT_PRODUCTS_DIR; };
		4A0B75C51BBD4ABE00911157 /* Info.plist */ = {isa = PBXFileReference; lastKnownFileType = text.plist.xml; path = Info.plist; sourceTree = "<group>"; };
		4A0B75C61BBD4ABE00911157 /* main.m */ = {isa = PBXFileReference; lastKnownFileType = sourcecode.c.objc; path = main.m; sourceTree = "<group>"; };
		4A0B75C81BBD4ABE00911157 /* AppDelegate.h */ = {isa = PBXFileReference; lastKnownFileType = sourcecode.c.h; path = AppDelegate.h; sourceTree = "<group>"; };
		4A0B75C91BBD4ABE00911157 /* AppDelegate.m */ = {isa = PBXFileReference; lastKnownFileType = sourcecode.c.objc; path = AppDelegate.m; sourceTree = "<group>"; };
		4A0B75CB1BBD4ABE00911157 /* ViewController.h */ = {isa = PBXFileReference; lastKnownFileType = sourcecode.c.h; path = ViewController.h; sourceTree = "<group>"; };
		4A0B75CC1BBD4ABE00911157 /* ViewController.m */ = {isa = PBXFileReference; lastKnownFileType = sourcecode.c.objc; path = ViewController.m; sourceTree = "<group>"; };
		4A0B75CF1BBD4ABE00911157 /* Base */ = {isa = PBXFileReference; lastKnownFileType = file.storyboard; name = Base; path = Base.lproj/Main.storyboard; sourceTree = "<group>"; };
		4A0B75D11BBD4ABE00911157 /* Images.xcassets */ = {isa = PBXFileReference; lastKnownFileType = folder.assetcatalog; path = Images.xcassets; sourceTree = "<group>"; };
		4A0B75D41BBD4ABE00911157 /* Base */ = {isa = PBXFileReference; lastKnownFileType = file.xib; name = Base; path = Base.lproj/LaunchScreen.xib; sourceTree = "<group>"; };
		4A0B75DA1BBD4ABE00911157 /* assistantTests.xctest */ = {isa = PBXFileReference; explicitFileType = wrapper.cfbundle; includeInIndex = 0; path = assistantTests.xctest; sourceTree = BUILT_PRODUCTS_DIR; };
		4A0B75DF1BBD4ABE00911157 /* Info.plist */ = {isa = PBXFileReference; lastKnownFileType = text.plist.xml; path = Info.plist; sourceTree = "<group>"; };
		4A0B75E01BBD4ABE00911157 /* assistantTests.m */ = {isa = PBXFileReference; lastKnownFileType = sourcecode.c.objc; path = assistantTests.m; sourceTree = "<group>"; };
		4A0B75ED1BBD5F2200911157 /* Weather.h */ = {isa = PBXFileReference; fileEncoding = 4; lastKnownFileType = sourcecode.c.h; path = Weather.h; sourceTree = "<group>"; };
		4A0B75EE1BBD5F2200911157 /* Weather.m */ = {isa = PBXFileReference; fileEncoding = 4; lastKnownFileType = sourcecode.c.objc; path = Weather.m; sourceTree = "<group>"; };
		4A0B75F01BBD661A00911157 /* Model.h */ = {isa = PBXFileReference; fileEncoding = 4; lastKnownFileType = sourcecode.c.h; path = Model.h; sourceTree = "<group>"; };
		4A0B75F11BBD661A00911157 /* Model.m */ = {isa = PBXFileReference; fileEncoding = 4; lastKnownFileType = sourcecode.c.objc; path = Model.m; sourceTree = "<group>"; };
		4A0B75F41BBD674100911157 /* MJDictionaryCache.h */ = {isa = PBXFileReference; fileEncoding = 4; lastKnownFileType = sourcecode.c.h; path = MJDictionaryCache.h; sourceTree = "<group>"; };
		4A0B75F51BBD674100911157 /* MJDictionaryCache.m */ = {isa = PBXFileReference; fileEncoding = 4; lastKnownFileType = sourcecode.c.objc; path = MJDictionaryCache.m; sourceTree = "<group>"; };
		4A0B75F61BBD674100911157 /* MJExtension.h */ = {isa = PBXFileReference; fileEncoding = 4; lastKnownFileType = sourcecode.c.h; path = MJExtension.h; sourceTree = "<group>"; };
		4A0B75F71BBD674100911157 /* MJExtensionConst.h */ = {isa = PBXFileReference; fileEncoding = 4; lastKnownFileType = sourcecode.c.h; path = MJExtensionConst.h; sourceTree = "<group>"; };
		4A0B75F81BBD674100911157 /* MJExtensionConst.m */ = {isa = PBXFileReference; fileEncoding = 4; lastKnownFileType = sourcecode.c.objc; path = MJExtensionConst.m; sourceTree = "<group>"; };
		4A0B75F91BBD674100911157 /* MJFoundation.h */ = {isa = PBXFileReference; fileEncoding = 4; lastKnownFileType = sourcecode.c.h; path = MJFoundation.h; sourceTree = "<group>"; };
		4A0B75FA1BBD674100911157 /* MJFoundation.m */ = {isa = PBXFileReference; fileEncoding = 4; lastKnownFileType = sourcecode.c.objc; path = MJFoundation.m; sourceTree = "<group>"; };
		4A0B75FB1BBD674100911157 /* MJProperty.h */ = {isa = PBXFileReference; fileEncoding = 4; lastKnownFileType = sourcecode.c.h; path = MJProperty.h; sourceTree = "<group>"; };
		4A0B75FC1BBD674100911157 /* MJProperty.m */ = {isa = PBXFileReference; fileEncoding = 4; lastKnownFileType = sourcecode.c.objc; path = MJProperty.m; sourceTree = "<group>"; };
		4A0B75FD1BBD674100911157 /* MJPropertyKey.h */ = {isa = PBXFileReference; fileEncoding = 4; lastKnownFileType = sourcecode.c.h; path = MJPropertyKey.h; sourceTree = "<group>"; };
		4A0B75FE1BBD674100911157 /* MJPropertyKey.m */ = {isa = PBXFileReference; fileEncoding = 4; lastKnownFileType = sourcecode.c.objc; path = MJPropertyKey.m; sourceTree = "<group>"; };
		4A0B75FF1BBD674100911157 /* MJPropertyType.h */ = {isa = PBXFileReference; fileEncoding = 4; lastKnownFileType = sourcecode.c.h; path = MJPropertyType.h; sourceTree = "<group>"; };
		4A0B76001BBD674100911157 /* MJPropertyType.m */ = {isa = PBXFileReference; fileEncoding = 4; lastKnownFileType = sourcecode.c.objc; path = MJPropertyType.m; sourceTree = "<group>"; };
		4A0B76011BBD674100911157 /* NSObject+MJClass.h */ = {isa = PBXFileReference; fileEncoding = 4; lastKnownFileType = sourcecode.c.h; path = "NSObject+MJClass.h"; sourceTree = "<group>"; };
		4A0B76021BBD674100911157 /* NSObject+MJClass.m */ = {isa = PBXFileReference; fileEncoding = 4; lastKnownFileType = sourcecode.c.objc; path = "NSObject+MJClass.m"; sourceTree = "<group>"; };
		4A0B76031BBD674100911157 /* NSObject+MJCoding.h */ = {isa = PBXFileReference; fileEncoding = 4; lastKnownFileType = sourcecode.c.h; path = "NSObject+MJCoding.h"; sourceTree = "<group>"; };
		4A0B76041BBD674100911157 /* NSObject+MJCoding.m */ = {isa = PBXFileReference; fileEncoding = 4; lastKnownFileType = sourcecode.c.objc; path = "NSObject+MJCoding.m"; sourceTree = "<group>"; };
		4A0B76051BBD674100911157 /* NSObject+MJKeyValue.h */ = {isa = PBXFileReference; fileEncoding = 4; lastKnownFileType = sourcecode.c.h; path = "NSObject+MJKeyValue.h"; sourceTree = "<group>"; };
		4A0B76061BBD674100911157 /* NSObject+MJKeyValue.m */ = {isa = PBXFileReference; fileEncoding = 4; lastKnownFileType = sourcecode.c.objc; path = "NSObject+MJKeyValue.m"; sourceTree = "<group>"; };
		4A0B76071BBD674100911157 /* NSObject+MJProperty.h */ = {isa = PBXFileReference; fileEncoding = 4; lastKnownFileType = sourcecode.c.h; path = "NSObject+MJProperty.h"; sourceTree = "<group>"; };
		4A0B76081BBD674100911157 /* NSObject+MJProperty.m */ = {isa = PBXFileReference; fileEncoding = 4; lastKnownFileType = sourcecode.c.objc; path = "NSObject+MJProperty.m"; sourceTree = "<group>"; };
		4A0B76091BBD674100911157 /* NSString+MJExtension.h */ = {isa = PBXFileReference; fileEncoding = 4; lastKnownFileType = sourcecode.c.h; path = "NSString+MJExtension.h"; sourceTree = "<group>"; };
		4A0B760A1BBD674100911157 /* NSString+MJExtension.m */ = {isa = PBXFileReference; fileEncoding = 4; lastKnownFileType = sourcecode.c.objc; path = "NSString+MJExtension.m"; sourceTree = "<group>"; };
		4A0B76171BBD6FA500911157 /* city.h */ = {isa = PBXFileReference; fileEncoding = 4; lastKnownFileType = sourcecode.c.h; path = city.h; sourceTree = "<group>"; };
		4A0B76181BBD6FA500911157 /* city.m */ = {isa = PBXFileReference; fileEncoding = 4; lastKnownFileType = sourcecode.c.objc; path = city.m; sourceTree = "<group>"; };
/* End PBXFileReference section */

/* Begin PBXFrameworksBuildPhase section */
		4A0B75BE1BBD4ABE00911157 /* Frameworks */ = {
			isa = PBXFrameworksBuildPhase;
			buildActionMask = 2147483647;
			files = (
			);
			runOnlyForDeploymentPostprocessing = 0;
		};
		4A0B75D71BBD4ABE00911157 /* Frameworks */ = {
			isa = PBXFrameworksBuildPhase;
			buildActionMask = 2147483647;
			files = (
			);
			runOnlyForDeploymentPostprocessing = 0;
		};
/* End PBXFrameworksBuildPhase section */

/* Begin PBXGroup section */
		4A0B75B81BBD4ABE00911157 = {
			isa = PBXGroup;
			children = (
				4A0B75C31BBD4ABE00911157 /* assistant */,
				4A0B75DD1BBD4ABE00911157 /* assistantTests */,
				4A0B75C21BBD4ABE00911157 /* Products */,
			);
			sourceTree = "<group>";
		};
		4A0B75C21BBD4ABE00911157 /* Products */ = {
			isa = PBXGroup;
			children = (
				4A0B75C11BBD4ABE00911157 /* assistant.app */,
				4A0B75DA1BBD4ABE00911157 /* assistantTests.xctest */,
			);
			name = Products;
			sourceTree = "<group>";
		};
		4A0B75C31BBD4ABE00911157 /* assistant */ = {
			isa = PBXGroup;
			children = (
				4A0B75F31BBD674100911157 /* MJExtension */,
				4A0B75C81BBD4ABE00911157 /* AppDelegate.h */,
				4A0B75C91BBD4ABE00911157 /* AppDelegate.m */,
				4A0B75CB1BBD4ABE00911157 /* ViewController.h */,
				4A0B75CC1BBD4ABE00911157 /* ViewController.m */,
				4A0B76161BBD6DAD00911157 /* Model */,
				4A0B75ED1BBD5F2200911157 /* Weather.h */,
				4A0B75EE1BBD5F2200911157 /* Weather.m */,
				4A0B75CE1BBD4ABE00911157 /* Main.storyboard */,
				4A0B75D11BBD4ABE00911157 /* Images.xcassets */,
				4A0B75D31BBD4ABE00911157 /* LaunchScreen.xib */,
				4A0B75C41BBD4ABE00911157 /* Supporting Files */,
			);
			path = assistant;
			sourceTree = "<group>";
		};
		4A0B75C41BBD4ABE00911157 /* Supporting Files */ = {
			isa = PBXGroup;
			children = (
				4A0B75C51BBD4ABE00911157 /* Info.plist */,
				4A0B75C61BBD4ABE00911157 /* main.m */,
			);
			name = "Supporting Files";
			sourceTree = "<group>";
		};
		4A0B75DD1BBD4ABE00911157 /* assistantTests */ = {
			isa = PBXGroup;
			children = (
				4A0B75E01BBD4ABE00911157 /* assistantTests.m */,
				4A0B75DE1BBD4ABE00911157 /* Supporting Files */,
			);
			path = assistantTests;
			sourceTree = "<group>";
		};
		4A0B75DE1BBD4ABE00911157 /* Supporting Files */ = {
			isa = PBXGroup;
			children = (
				4A0B75DF1BBD4ABE00911157 /* Info.plist */,
			);
			name = "Supporting Files";
			sourceTree = "<group>";
		};
		4A0B75F31BBD674100911157 /* MJExtension */ = {
			isa = PBXGroup;
			children = (
				4A0B75F41BBD674100911157 /* MJDictionaryCache.h */,
				4A0B75F51BBD674100911157 /* MJDictionaryCache.m */,
				4A0B75F61BBD674100911157 /* MJExtension.h */,
				4A0B75F71BBD674100911157 /* MJExtensionConst.h */,
				4A0B75F81BBD674100911157 /* MJExtensionConst.m */,
				4A0B75F91BBD674100911157 /* MJFoundation.h */,
				4A0B75FA1BBD674100911157 /* MJFoundation.m */,
				4A0B75FB1BBD674100911157 /* MJProperty.h */,
				4A0B75FC1BBD674100911157 /* MJProperty.m */,
				4A0B75FD1BBD674100911157 /* MJPropertyKey.h */,
				4A0B75FE1BBD674100911157 /* MJPropertyKey.m */,
				4A0B75FF1BBD674100911157 /* MJPropertyType.h */,
				4A0B76001BBD674100911157 /* MJPropertyType.m */,
				4A0B76011BBD674100911157 /* NSObject+MJClass.h */,
				4A0B76021BBD674100911157 /* NSObject+MJClass.m */,
				4A0B76031BBD674100911157 /* NSObject+MJCoding.h */,
				4A0B76041BBD674100911157 /* NSObject+MJCoding.m */,
				4A0B76051BBD674100911157 /* NSObject+MJKeyValue.h */,
				4A0B76061BBD674100911157 /* NSObject+MJKeyValue.m */,
				4A0B76071BBD674100911157 /* NSObject+MJProperty.h */,
				4A0B76081BBD674100911157 /* NSObject+MJProperty.m */,
				4A0B76091BBD674100911157 /* NSString+MJExtension.h */,
				4A0B760A1BBD674100911157 /* NSString+MJExtension.m */,
			);
			path = MJExtension;
			sourceTree = "<group>";
		};
		4A0B76161BBD6DAD00911157 /* Model */ = {
			isa = PBXGroup;
			children = (
				4A0B75F01BBD661A00911157 /* Model.h */,
				4A0B75F11BBD661A00911157 /* Model.m */,
				4A0B761A1BBD726100911157 /* city */,
			);
			name = Model;
			sourceTree = "<group>";
		};
		4A0B761A1BBD726100911157 /* city */ = {
			isa = PBXGroup;
			children = (
				4A0B76171BBD6FA500911157 /* city.h */,
				4A0B76181BBD6FA500911157 /* city.m */,
			);
			name = city;
			sourceTree = "<group>";
		};
/* End PBXGroup section */

/* Begin PBXNativeTarget section */
		4A0B75C01BBD4ABE00911157 /* assistant */ = {
			isa = PBXNativeTarget;
			buildConfigurationList = 4A0B75E41BBD4ABE00911157 /* Build configuration list for PBXNativeTarget "assistant" */;
			buildPhases = (
				4A0B75BD1BBD4ABE00911157 /* Sources */,
				4A0B75BE1BBD4ABE00911157 /* Frameworks */,
				4A0B75BF1BBD4ABE00911157 /* Resources */,
			);
			buildRules = (
			);
			dependencies = (
			);
			name = assistant;
			productName = assistant;
			productReference = 4A0B75C11BBD4ABE00911157 /* assistant.app */;
			productType = "com.apple.product-type.application";
		};
		4A0B75D91BBD4ABE00911157 /* assistantTests */ = {
			isa = PBXNativeTarget;
			buildConfigurationList = 4A0B75E71BBD4ABE00911157 /* Build configuration list for PBXNativeTarget "assistantTests" */;
			buildPhases = (
				4A0B75D61BBD4ABE00911157 /* Sources */,
				4A0B75D71BBD4ABE00911157 /* Frameworks */,
				4A0B75D81BBD4ABE00911157 /* Resources */,
			);
			buildRules = (
			);
			dependencies = (
				4A0B75DC1BBD4ABE00911157 /* PBXTargetDependency */,
			);
			name = assistantTests;
			productName = assistantTests;
			productReference = 4A0B75DA1BBD4ABE00911157 /* assistantTests.xctest */;
			productType = "com.apple.product-type.bundle.unit-test";
		};
/* End PBXNativeTarget section */

/* Begin PBXProject section */
		4A0B75B91BBD4ABE00911157 /* Project object */ = {
			isa = PBXProject;
			attributes = {
				LastUpgradeCheck = 0640;
				ORGANIZATIONNAME = yangxiaochen;
				TargetAttributes = {
					4A0B75C01BBD4ABE00911157 = {
						CreatedOnToolsVersion = 6.4;
					};
					4A0B75D91BBD4ABE00911157 = {
						CreatedOnToolsVersion = 6.4;
						TestTargetID = 4A0B75C01BBD4ABE00911157;
					};
				};
			};
			buildConfigurationList = 4A0B75BC1BBD4ABE00911157 /* Build configuration list for PBXProject "assistant" */;
			compatibilityVersion = "Xcode 3.2";
			developmentRegion = English;
			hasScannedForEncodings = 0;
			knownRegions = (
				en,
				Base,
			);
			mainGroup = 4A0B75B81BBD4ABE00911157;
			productRefGroup = 4A0B75C21BBD4ABE00911157 /* Products */;
			projectDirPath = "";
			projectRoot = "";
			targets = (
				4A0B75C01BBD4ABE00911157 /* assistant */,
				4A0B75D91BBD4ABE00911157 /* assistantTests */,
			);
		};
/* End PBXProject section */

/* Begin PBXResourcesBuildPhase section */
		4A0B75BF1BBD4ABE00911157 /* Resources */ = {
			isa = PBXResourcesBuildPhase;
			buildActionMask = 2147483647;
			files = (
				4A0B75D01BBD4ABE00911157 /* Main.storyboard in Resources */,
				4A0B75D51BBD4ABE00911157 /* LaunchScreen.xib in Resources */,
				4A0B75D21BBD4ABE00911157 /* Images.xcassets in Resources */,
			);
			runOnlyForDeploymentPostprocessing = 0;
		};
		4A0B75D81BBD4ABE00911157 /* Resources */ = {
			isa = PBXResourcesBuildPhase;
			buildActionMask = 2147483647;
			files = (
			);
			runOnlyForDeploymentPostprocessing = 0;
		};
/* End PBXResourcesBuildPhase section */

/* Begin PBXSourcesBuildPhase section */
		4A0B75BD1BBD4ABE00911157 /* Sources */ = {
			isa = PBXSourcesBuildPhase;
			buildActionMask = 2147483647;
			files = (
				4A0B75EF1BBD5F2200911157 /* Weather.m in Sources */,
				4A0B75CD1BBD4ABE00911157 /* ViewController.m in Sources */,
				4A0B760C1BBD674100911157 /* MJExtensionConst.m in Sources */,
				4A0B75CA1BBD4ABE00911157 /* AppDelegate.m in Sources */,
				4A0B760E1BBD674100911157 /* MJProperty.m in Sources */,
				4A0B76191BBD6FA500911157 /* city.m in Sources */,
				4A0B76101BBD674100911157 /* MJPropertyType.m in Sources */,
				4A0B75C71BBD4ABE00911157 /* main.m in Sources */,
				4A0B76141BBD674100911157 /* NSObject+MJProperty.m in Sources */,
				4A0B76151BBD674100911157 /* NSString+MJExtension.m in Sources */,
				4A0B76121BBD674100911157 /* NSObject+MJCoding.m in Sources */,
				4A0B75F21BBD661A00911157 /* Model.m in Sources */,
				4A0B760F1BBD674100911157 /* MJPropertyKey.m in Sources */,
				4A0B76131BBD674100911157 /* NSObject+MJKeyValue.m in Sources */,
				4A0B76111BBD674100911157 /* NSObject+MJClass.m in Sources */,
				4A0B760B1BBD674100911157 /* MJDictionaryCache.m in Sources */,
				4A0B760D1BBD674100911157 /* MJFoundation.m in Sources */,
			);
			runOnlyForDeploymentPostprocessing = 0;
		};
		4A0B75D61BBD4ABE00911157 /* Sources */ = {
			isa = PBXSourcesBuildPhase;
			buildActionMask = 2147483647;
			files = (
				4A0B75E11BBD4ABE00911157 /* assistantTests.m in Sources */,
			);
			runOnlyForDeploymentPostprocessing = 0;
		};
/* End PBXSourcesBuildPhase section */

/* Begin PBXTargetDependency section */
		4A0B75DC1BBD4ABE00911157 /* PBXTargetDependency */ = {
			isa = PBXTargetDependency;
			target = 4A0B75C01BBD4ABE00911157 /* assistant */;
			targetProxy = 4A0B75DB1BBD4ABE00911157 /* PBXContainerItemProxy */;
		};
/* End PBXTargetDependency section */

/* Begin PBXVariantGroup section */
		4A0B75CE1BBD4ABE00911157 /* Main.storyboard */ = {
			isa = PBXVariantGroup;
			children = (
				4A0B75CF1BBD4ABE00911157 /* Base */,
			);
			name = Main.storyboard;
			sourceTree = "<group>";
		};
		4A0B75D31BBD4ABE00911157 /* LaunchScreen.xib */ = {
			isa = PBXVariantGroup;
			children = (
				4A0B75D41BBD4ABE00911157 /* Base */,
			);
			name = LaunchScreen.xib;
			sourceTree = "<group>";
		};
/* End PBXVariantGroup section */

/* Begin XCBuildConfiguration section */
		4A0B75E21BBD4ABE00911157 /* Debug */ = {
			isa = XCBuildConfiguration;
			buildSettings = {
				ALWAYS_SEARCH_USER_PATHS = NO;
				CLANG_CXX_LANGUAGE_STANDARD = "gnu++0x";
				CLANG_CXX_LIBRARY = "libc++";
				CLANG_ENABLE_MODULES = YES;
				CLANG_ENABLE_OBJC_ARC = YES;
				CLANG_WARN_BOOL_CONVERSION = YES;
				CLANG_WARN_CONSTANT_CONVERSION = YES;
				CLANG_WARN_DIRECT_OBJC_ISA_USAGE = YES_ERROR;
				CLANG_WARN_EMPTY_BODY = YES;
				CLANG_WARN_ENUM_CONVERSION = YES;
				CLANG_WARN_INT_CONVERSION = YES;
				CLANG_WARN_OBJC_ROOT_CLASS = YES_ERROR;
				CLANG_WARN_UNREACHABLE_CODE = YES;
				CLANG_WARN__DUPLICATE_METHOD_MATCH = YES;
				"CODE_SIGN_IDENTITY[sdk=iphoneos*]" = "iPhone Developer";
				COPY_PHASE_STRIP = NO;
				DEBUG_INFORMATION_FORMAT = "dwarf-with-dsym";
				ENABLE_STRICT_OBJC_MSGSEND = YES;
				GCC_C_LANGUAGE_STANDARD = gnu99;
				GCC_DYNAMIC_NO_PIC = NO;
				GCC_NO_COMMON_BLOCKS = YES;
				GCC_OPTIMIZATION_LEVEL = 0;
				GCC_PREPROCESSOR_DEFINITIONS = (
					"DEBUG=1",
					"$(inherited)",
				);
				GCC_SYMBOLS_PRIVATE_EXTERN = NO;
				GCC_WARN_64_TO_32_BIT_CONVERSION = YES;
				GCC_WARN_ABOUT_RETURN_TYPE = YES_ERROR;
				GCC_WARN_UNDECLARED_SELECTOR = YES;
				GCC_WARN_UNINITIALIZED_AUTOS = YES_AGGRESSIVE;
				GCC_WARN_UNUSED_FUNCTION = YES;
				GCC_WARN_UNUSED_VARIABLE = YES;
				IPHONEOS_DEPLOYMENT_TARGET = 8.4;
				MTL_ENABLE_DEBUG_INFO = YES;
				ONLY_ACTIVE_ARCH = YES;
				SDKROOT = iphoneos;
			};
			name = Debug;
		};
		4A0B75E31BBD4ABE00911157 /* Release */ = {
			isa = XCBuildConfiguration;
			buildSettings = {
				ALWAYS_SEARCH_USER_PATHS = NO;
				CLANG_CXX_LANGUAGE_STANDARD = "gnu++0x";
				CLANG_CXX_LIBRARY = "libc++";
				CLANG_ENABLE_MODULES = YES;
				CLANG_ENABLE_OBJC_ARC = YES;
				CLANG_WARN_BOOL_CONVERSION = YES;
				CLANG_WARN_CONSTANT_CONVERSION = YES;
				CLANG_WARN_DIRECT_OBJC_ISA_USAGE = YES_ERROR;
				CLANG_WARN_EMPTY_BODY = YES;
				CLANG_WARN_ENUM_CONVERSION = YES;
				CLANG_WARN_INT_CONVERSION = YES;
				CLANG_WARN_OBJC_ROOT_CLASS = YES_ERROR;
				CLANG_WARN_UNREACHABLE_CODE = YES;
				CLANG_WARN__DUPLICATE_METHOD_MATCH = YES;
				"CODE_SIGN_IDENTITY[sdk=iphoneos*]" = "iPhone Developer";
				COPY_PHASE_STRIP = NO;
				DEBUG_INFORMATION_FORMAT = "dwarf-with-dsym";
				ENABLE_NS_ASSERTIONS = NO;
				ENABLE_STRICT_OBJC_MSGSEND = YES;
				GCC_C_LANGUAGE_STANDARD = gnu99;
				GCC_NO_COMMON_BLOCKS = YES;
				GCC_WARN_64_TO_32_BIT_CONVERSION = YES;
				GCC_WARN_ABOUT_RETURN_TYPE = YES_ERROR;
				GCC_WARN_UNDECLARED_SELECTOR = YES;
				GCC_WARN_UNINITIALIZED_AUTOS = YES_AGGRESSIVE;
				GCC_WARN_UNUSED_FUNCTION = YES;
				GCC_WARN_UNUSED_VARIABLE = YES;
				IPHONEOS_DEPLOYMENT_TARGET = 8.4;
				MTL_ENABLE_DEBUG_INFO = NO;
				SDKROOT = iphoneos;
				VALIDATE_PRODUCT = YES;
			};
			name = Release;
		};
		4A0B75E51BBD4ABE00911157 /* Debug */ = {
			isa = XCBuildConfiguration;
			buildSettings = {
				ASSETCATALOG_COMPILER_APPICON_NAME = AppIcon;
				INFOPLIST_FILE = assistant/Info.plist;
				LD_RUNPATH_SEARCH_PATHS = "$(inherited) @executable_path/Frameworks";
				PRODUCT_NAME = "$(TARGET_NAME)";
			};
			name = Debug;
		};
		4A0B75E61BBD4ABE00911157 /* Release */ = {
			isa = XCBuildConfiguration;
			buildSettings = {
				ASSETCATALOG_COMPILER_APPICON_NAME = AppIcon;
				INFOPLIST_FILE = assistant/Info.plist;
				LD_RUNPATH_SEARCH_PATHS = "$(inherited) @executable_path/Frameworks";
				PRODUCT_NAME = "$(TARGET_NAME)";
			};
			name = Release;
		};
		4A0B75E81BBD4ABE00911157 /* Debug */ = {
			isa = XCBuildConfiguration;
			buildSettings = {
				BUNDLE_LOADER = "$(TEST_HOST)";
				FRAMEWORK_SEARCH_PATHS = (
					"$(SDKROOT)/Developer/Library/Frameworks",
					"$(inherited)",
				);
				GCC_PREPROCESSOR_DEFINITIONS = (
					"DEBUG=1",
					"$(inherited)",
				);
				INFOPLIST_FILE = assistantTests/Info.plist;
				LD_RUNPATH_SEARCH_PATHS = "$(inherited) @executable_path/Frameworks @loader_path/Frameworks";
				PRODUCT_NAME = "$(TARGET_NAME)";
				TEST_HOST = "$(BUILT_PRODUCTS_DIR)/assistant.app/assistant";
			};
			name = Debug;
		};
		4A0B75E91BBD4ABE00911157 /* Release */ = {
			isa = XCBuildConfiguration;
			buildSettings = {
				BUNDLE_LOADER = "$(TEST_HOST)";
				FRAMEWORK_SEARCH_PATHS = (
					"$(SDKROOT)/Developer/Library/Frameworks",
					"$(inherited)",
				);
				INFOPLIST_FILE = assistantTests/Info.plist;
				LD_RUNPATH_SEARCH_PATHS = "$(inherited) @executable_path/Frameworks @loader_path/Frameworks";
				PRODUCT_NAME = "$(TARGET_NAME)";
				TEST_HOST = "$(BUILT_PRODUCTS_DIR)/assistant.app/assistant";
			};
			name = Release;
		};
/* End XCBuildConfiguration section */

/* Begin XCConfigurationList section */
		4A0B75BC1BBD4ABE00911157 /* Build configuration list for PBXProject "assistant" */ = {
			isa = XCConfigurationList;
			buildConfigurations = (
				4A0B75E21BBD4ABE00911157 /* Debug */,
				4A0B75E31BBD4ABE00911157 /* Release */,
			);
			defaultConfigurationIsVisible = 0;
			defaultConfigurationName = Release;
		};
		4A0B75E41BBD4ABE00911157 /* Build configuration list for PBXNativeTarget "assistant" */ = {
			isa = XCConfigurationList;
			buildConfigurations = (
				4A0B75E51BBD4ABE00911157 /* Debug */,
				4A0B75E61BBD4ABE00911157 /* Release */,
			);
			defaultConfigurationIsVisible = 0;
		};
		4A0B75E71BBD4ABE00911157 /* Build configuration list for PBXNativeTarget "assistantTests" */ = {
			isa = XCConfigurationList;
			buildConfigurations = (
				4A0B75E81BBD4ABE00911157 /* Debug */,
				4A0B75E91BBD4ABE00911157 /* Release */,
			);
			defaultConfigurationIsVisible = 0;
		};
/* End XCConfigurationList section */
	};
	rootObject = 4A0B75B91BBD4ABE00911157 /* Project object */;
}
